
Microsoft Visual Studio Solution File, Format Version 12.00
# Visual Studio 15
VisualStudioVersion = 15.0.28307.421
MinimumVisualStudioVersion = 10.0.40219.1
Project("{FAE04EC0-301F-11D3-BF4B-00C04F79EFBC}") = "Dog", "Dog\Dog.csproj", "{76792380-20D9-4DA2-BA8A-C6787305A09E}"
EndProject
Global
	GlobalSection(SolutionConfigurationPlatforms) = preSolution
		Debug|Any CPU = Debug|Any CPU
		Release|Any CPU = Release|Any CPU
	EndGlobalSection
	GlobalSection(ProjectConfigurationPlatforms) = postSolution
		{76792380-20D9-4DA2-BA8A-C6787305A09E}.Debug|Any CPU.ActiveCfg = Debug|Any CPU
		{76792380-20D9-4DA2-BA8A-C6787305A09E}.Debug|Any CPU.Build.0 = Debug|Any CPU
		{76792380-20D9-4DA2-BA8A-C6787305A09E}.Release|Any CPU.ActiveCfg = Release|Any CPU
		{76792380-20D9-4DA2-BA8A-C6787305A09E}.Release|Any CPU.Build.0 = Release|Any CPU
	EndGlobalSection
	GlobalSection(SolutionProperties) = preSolution
		HideSolutionNode = FALSE
	EndGlobalSection
	GlobalSection(ExtensibilityGlobals) = postSolution
		SolutionGuid = {5FF86A8B-0564-4811-B3DC-7917D10CD110}
	EndGlobalSection
EndGlobal
